// !$*UTF8*$!
{
	archiveVersion = 1;
	classes = {
	};
	objectVersion = 55;
	objects = {

/* Begin PBXBuildFile section */
		BC88A28D282EA4C900B9F6E7 /* DataModel.xcdatamodeld in Sources */ = {isa = PBXBuildFile; fileRef = BC88A28B282EA4C900B9F6E7 /* DataModel.xcdatamodeld */; };
		BC88A2D4282F938000B9F6E7 /* CoreDataManager.swift in Sources */ = {isa = PBXBuildFile; fileRef = BC88A2D3282F938000B9F6E7 /* CoreDataManager.swift */; };
		BC94E745282AA7CE00016BFD /* AppDelegate.swift in Sources */ = {isa = PBXBuildFile; fileRef = BC94E744282AA7CE00016BFD /* AppDelegate.swift */; };
		BC94E747282AA7CE00016BFD /* SceneDelegate.swift in Sources */ = {isa = PBXBuildFile; fileRef = BC94E746282AA7CE00016BFD /* SceneDelegate.swift */; };
		BC94E749282AA7CE00016BFD /* ViewController.swift in Sources */ = {isa = PBXBuildFile; fileRef = BC94E748282AA7CE00016BFD /* ViewController.swift */; };
		BC94E74C282AA7CE00016BFD /* Main.storyboard in Resources */ = {isa = PBXBuildFile; fileRef = BC94E74A282AA7CE00016BFD /* Main.storyboard */; };
		BC94E74E282AA7D200016BFD /* Assets.xcassets in Resources */ = {isa = PBXBuildFile; fileRef = BC94E74D282AA7D200016BFD /* Assets.xcassets */; };
		BC94E751282AA7D200016BFD /* LaunchScreen.storyboard in Resources */ = {isa = PBXBuildFile; fileRef = BC94E74F282AA7D200016BFD /* LaunchScreen.storyboard */; };
/* End PBXBuildFile section */

/* Begin PBXFileReference section */
		BC88A28C282EA4C900B9F6E7 /* DataModel.xcdatamodel */ = {isa = PBXFileReference; lastKnownFileType = wrapper.xcdatamodel; path = DataModel.xcdatamodel; sourceTree = "<group>"; };
		BC88A2D3282F938000B9F6E7 /* CoreDataManager.swift */ = {isa = PBXFileReference; lastKnownFileType = sourcecode.swift; path = CoreDataManager.swift; sourceTree = "<group>"; };
		BC94E741282AA7CE00016BFD /* ToDoList of course.app */ = {isa = PBXFileReference; explicitFileType = wrapper.application; includeInIndex = 0; path = "ToDoList of course.app"; sourceTree = BUILT_PRODUCTS_DIR; };
		BC94E744282AA7CE00016BFD /* AppDelegate.swift */ = {isa = PBXFileReference; lastKnownFileType = sourcecode.swift; path = AppDelegate.swift; sourceTree = "<group>"; };
		BC94E746282AA7CE00016BFD /* SceneDelegate.swift */ = {isa = PBXFileReference; lastKnownFileType = sourcecode.swift; path = SceneDelegate.swift; sourceTree = "<group>"; };
		BC94E748282AA7CE00016BFD /* ViewController.swift */ = {isa = PBXFileReference; lastKnownFileType = sourcecode.swift; path = ViewController.swift; sourceTree = "<group>"; };
		BC94E74B282AA7CE00016BFD /* Base */ = {isa = PBXFileReference; lastKnownFileType = file.storyboard; name = Base; path = Base.lproj/Main.storyboard; sourceTree = "<group>"; };
		BC94E74D282AA7D200016BFD /* Assets.xcassets */ = {isa = PBXFileReference; lastKnownFileType = folder.assetcatalog; path = Assets.xcassets; sourceTree = "<group>"; };
		BC94E750282AA7D200016BFD /* Base */ = {isa = PBXFileReference; lastKnownFileType = file.storyboard; name = Base; path = Base.lproj/LaunchScreen.storyboard; sourceTree = "<group>"; };
		BC94E752282AA7D200016BFD /* Info.plist */ = {isa = PBXFileReference; lastKnownFileType = text.plist.xml; path = Info.plist; sourceTree = "<group>"; };
/* End PBXFileReference section */

/* Begin PBXFrameworksBuildPhase section */
		BC94E73E282AA7CE00016BFD /* Frameworks */ = {
			isa = PBXFrameworksBuildPhase;
			buildActionMask = 2147483647;
			files = (
			);
			runOnlyForDeploymentPostprocessing = 0;
		};
/* End PBXFrameworksBuildPhase section */

/* Begin PBXGroup section */
		BC88A287282E691C00B9F6E7 /* Data Model */ = {
			isa = PBXGroup;
			children = (
				BC88A28B282EA4C900B9F6E7 /* DataModel.xcdatamodeld */,
			);
			path = "Data Model";
			sourceTree = "<group>";
		};
		BC88A288282E693E00B9F6E7 /* Views */ = {
			isa = PBXGroup;
			children = (
				BC94E74A282AA7CE00016BFD /* Main.storyboard */,
			);
			path = Views;
			sourceTree = "<group>";
		};
		BC88A289282E694B00B9F6E7 /* Controllers */ = {
			isa = PBXGroup;
			children = (
				BC94E748282AA7CE00016BFD /* ViewController.swift */,
			);
			path = Controllers;
			sourceTree = "<group>";
		};
		BC88A28A282E696500B9F6E7 /* Supporting Files */ = {
			isa = PBXGroup;
			children = (
				BC94E74D282AA7D200016BFD /* Assets.xcassets */,
				BC94E74F282AA7D200016BFD /* LaunchScreen.storyboard */,
				BC94E752282AA7D200016BFD /* Info.plist */,
			);
			path = "Supporting Files";
			sourceTree = "<group>";
		};
		BC94E738282AA7CE00016BFD = {
			isa = PBXGroup;
			children = (
				BC94E743282AA7CE00016BFD /* ToDoList of course */,
				BC94E742282AA7CE00016BFD /* Products */,
			);
			sourceTree = "<group>";
		};
		BC94E742282AA7CE00016BFD /* Products */ = {
			isa = PBXGroup;
			children = (
				BC94E741282AA7CE00016BFD /* ToDoList of course.app */,
			);
			name = Products;
			sourceTree = "<group>";
		};
		BC94E743282AA7CE00016BFD /* ToDoList of course */ = {
			isa = PBXGroup;
			children = (
				BC94E744282AA7CE00016BFD /* AppDelegate.swift */,
				BC94E746282AA7CE00016BFD /* SceneDelegate.swift */,
				BC88A2D3282F938000B9F6E7 /* CoreDataManager.swift */,
				BC88A287282E691C00B9F6E7 /* Data Model */,
				BC88A289282E694B00B9F6E7 /* Controllers */,
				BC88A288282E693E00B9F6E7 /* Views */,
				BC88A28A282E696500B9F6E7 /* Supporting Files */,
			);
			path = "ToDoList of course";
			sourceTree = "<group>";
		};
/* End PBXGroup section */

/* Begin PBXNativeTarget section */
		BC94E740282AA7CE00016BFD /* ToDoList of course */ = {
			isa = PBXNativeTarget;
			buildConfigurationList = BC94E755282AA7D200016BFD /* Build configuration list for PBXNativeTarget "ToDoList of course" */;
			buildPhases = (
				BC94E73D282AA7CE00016BFD /* Sources */,
				BC94E73E282AA7CE00016BFD /* Frameworks */,
				BC94E73F282AA7CE00016BFD /* Resources */,
			);
			buildRules = (
			);
			dependencies = (
			);
			name = "ToDoList of course";
			productName = "ToDoList of course";
			productReference = BC94E741282AA7CE00016BFD /* ToDoList of course.app */;
			productType = "com.apple.product-type.application";
		};
/* End PBXNativeTarget section */

/* Begin PBXProject section */
		BC94E739282AA7CE00016BFD /* Project object */ = {
			isa = PBXProject;
			attributes = {
				BuildIndependentTargetsInParallel = 1;
				LastSwiftUpdateCheck = 1320;
				LastUpgradeCheck = 1320;
				TargetAttributes = {
					BC94E740282AA7CE00016BFD = {
						CreatedOnToolsVersion = 13.2.1;
					};
				};
			};
			buildConfigurationList = BC94E73C282AA7CE00016BFD /* Build configuration list for PBXProject "ToDoList of course" */;
			compatibilityVersion = "Xcode 13.0";
			developmentRegion = en;
			hasScannedForEncodings = 0;
			knownRegions = (
				en,
				Base,
			);
			mainGroup = BC94E738282AA7CE00016BFD;
			productRefGroup = BC94E742282AA7CE00016BFD /* Products */;
			projectDirPath = "";
			projectRoot = "";
			targets = (
				BC94E740282AA7CE00016BFD /* ToDoList of course */,
			);
		};
/* End PBXProject section */

/* Begin PBXResourcesBuildPhase section */
		BC94E73F282AA7CE00016BFD /* Resources */ = {
			isa = PBXResourcesBuildPhase;
			buildActionMask = 2147483647;
			files = (
				BC94E751282AA7D200016BFD /* LaunchScreen.storyboard in Resources */,
				BC94E74E282AA7D200016BFD /* Assets.xcassets in Resources */,
				BC94E74C282AA7CE00016BFD /* Main.storyboard in Resources */,
			);
			runOnlyForDeploymentPostprocessing = 0;
		};
/* End PBXResourcesBuildPhase section */

/* Begin PBXSourcesBuildPhase section */
		BC94E73D282AA7CE00016BFD /* Sources */ = {
			isa = PBXSourcesBuildPhase;
			buildActionMask = 2147483647;
			files = (
				BC88A28D282EA4C900B9F6E7 /* DataModel.xcdatamodeld in Sources */,
				BC94E749282AA7CE00016BFD /* ViewController.swift in Sources */,
				BC94E745282AA7CE00016BFD /* AppDelegate.swift in Sources */,
				BC88A2D4282F938000B9F6E7 /* CoreDataManager.swift in Sources */,
				BC94E747282AA7CE00016BFD /* SceneDelegate.swift in Sources */,
			);
			runOnlyForDeploymentPostprocessing = 0;
		};
/* End PBXSourcesBuildPhase section */

/* Begin PBXVariantGroup section */
		BC94E74A282AA7CE00016BFD /* Main.storyboard */ = {
			isa = PBXVariantGroup;
			children = (
				BC94E74B282AA7CE00016BFD /* Base */,
			);
			name = Main.storyboard;
			sourceTree = "<group>";
		};
		BC94E74F282AA7D200016BFD /* LaunchScreen.storyboard */ = {
			isa = PBXVariantGroup;
			children = (
				BC94E750282AA7D200016BFD /* Base */,
			);
			name = LaunchScreen.storyboard;
			sourceTree = "<group>";
		};
/* End PBXVariantGroup section */

/* Begin XCBuildConfiguration section */
		BC94E753282AA7D200016BFD /* Debug */ = {
			isa = XCBuildConfiguration;
			buildSettings = {
				ALWAYS_SEARCH_USER_PATHS = NO;
				CLANG_ANALYZER_NONNULL = YES;
				CLANG_ANALYZER_NUMBER_OBJECT_CONVERSION = YES_AGGRESSIVE;
				CLANG_CXX_LANGUAGE_STANDARD = "gnu++17";
				CLANG_CXX_LIBRARY = "libc++";
				CLANG_ENABLE_MODULES = YES;
				CLANG_ENABLE_OBJC_ARC = YES;
				CLANG_ENABLE_OBJC_WEAK = YES;
				CLANG_WARN_BLOCK_CAPTURE_AUTORELEASING = YES;
				CLANG_WARN_BOOL_CONVERSION = YES;
				CLANG_WARN_COMMA = YES;
				CLANG_WARN_CONSTANT_CONVERSION = YES;
				CLANG_WARN_DEPRECATED_OBJC_IMPLEMENTATIONS = YES;
				CLANG_WARN_DIRECT_OBJC_ISA_USAGE = YES_ERROR;
				CLANG_WARN_DOCUMENTATION_COMMENTS = YES;
				CLANG_WARN_EMPTY_BODY = YES;
				CLANG_WARN_ENUM_CONVERSION = YES;
				CLANG_WARN_INFINITE_RECURSION = YES;
				CLANG_WARN_INT_CONVERSION = YES;
				CLANG_WARN_NON_LITERAL_NULL_CONVERSION = YES;
				CLANG_WARN_OBJC_IMPLICIT_RETAIN_SELF = YES;
				CLANG_WARN_OBJC_LITERAL_CONVERSION = YES;
				CLANG_WARN_OBJC_ROOT_CLASS = YES_ERROR;
				CLANG_WARN_QUOTED_INCLUDE_IN_FRAMEWORK_HEADER = YES;
				CLANG_WARN_RANGE_LOOP_ANALYSIS = YES;
				CLANG_WARN_STRICT_PROTOTYPES = YES;
				CLANG_WARN_SUSPICIOUS_MOVE = YES;
				CLANG_WARN_UNGUARDED_AVAILABILITY = YES_AGGRESSIVE;
				CLANG_WARN_UNREACHABLE_CODE = YES;
				CLANG_WARN__DUPLICATE_METHOD_MATCH = YES;
				COPY_PHASE_STRIP = NO;
				DEBUG_INFORMATION_FORMAT = dwarf;
				ENABLE_STRICT_OBJC_MSGSEND = YES;
				ENABLE_TESTABILITY = YES;
				GCC_C_LANGUAGE_STANDARD = gnu11;
				GCC_DYNAMIC_NO_PIC = NO;
				GCC_NO_COMMON_BLOCKS = YES;
				GCC_OPTIMIZATION_LEVEL = 0;
				GCC_PREPROCESSOR_DEFINITIONS = (
					"DEBUG=1",
					"$(inherited)",
				);
				GCC_WARN_64_TO_32_BIT_CONVERSION = YES;
				GCC_WARN_ABOUT_RETURN_TYPE = YES_ERROR;
				GCC_WARN_UNDECLARED_SELECTOR = YES;
				GCC_WARN_UNINITIALIZED_AUTOS = YES_AGGRESSIVE;
				GCC_WARN_UNUSED_FUNCTION = YES;
				GCC_WARN_UNUSED_VARIABLE = YES;
				IPHONEOS_DEPLOYMENT_TARGET = 15.2;
				MTL_ENABLE_DEBUG_INFO = INCLUDE_SOURCE;
				MTL_FAST_MATH = YES;
				ONLY_ACTIVE_ARCH = YES;
				SDKROOT = iphoneos;
				SWIFT_ACTIVE_COMPILATION_CONDITIONS = DEBUG;
				SWIFT_OPTIMIZATION_LEVEL = "-Onone";
			};
			name = Debug;
		};
		BC94E754282AA7D200016BFD /* Release */ = {
			isa = XCBuildConfiguration;
			buildSettings = {
				ALWAYS_SEARCH_USER_PATHS = NO;
				CLANG_ANALYZER_NONNULL = YES;
				CLANG_ANALYZER_NUMBER_OBJECT_CONVERSION = YES_AGGRESSIVE;
				CLANG_CXX_LANGUAGE_STANDARD = "gnu++17";
				CLANG_CXX_LIBRARY = "libc++";
				CLANG_ENABLE_MODULES = YES;
				CLANG_ENABLE_OBJC_ARC = YES;
				CLANG_ENABLE_OBJC_WEAK = YES;
				CLANG_WARN_BLOCK_CAPTURE_AUTORELEASING = YES;
				CLANG_WARN_BOOL_CONVERSION = YES;
				CLANG_WARN_COMMA = YES;
				CLANG_WARN_CONSTANT_CONVERSION = YES;
				CLANG_WARN_DEPRECATED_OBJC_IMPLEMENTATIONS = YES;
				CLANG_WARN_DIRECT_OBJC_ISA_USAGE = YES_ERROR;
				CLANG_WARN_DOCUMENTATION_COMMENTS = YES;
				CLANG_WARN_EMPTY_BODY = YES;
				CLANG_WARN_ENUM_CONVERSION = YES;
				CLANG_WARN_INFINITE_RECURSION = YES;
				CLANG_WARN_INT_CONVERSION = YES;
				CLANG_WARN_NON_LITERAL_NULL_CONVERSION = YES;
				CLANG_WARN_OBJC_IMPLICIT_RETAIN_SELF = YES;
				CLANG_WARN_OBJC_LITERAL_CONVERSION = YES;
				CLANG_WARN_OBJC_ROOT_CLASS = YES_ERROR;
				CLANG_WARN_QUOTED_INCLUDE_IN_FRAMEWORK_HEADER = YES;
				CLANG_WARN_RANGE_LOOP_ANALYSIS = YES;
				CLANG_WARN_STRICT_PROTOTYPES = YES;
				CLANG_WARN_SUSPICIOUS_MOVE = YES;
				CLANG_WARN_UNGUARDED_AVAILABILITY = YES_AGGRESSIVE;
				CLANG_WARN_UNREACHABLE_CODE = YES;
				CLANG_WARN__DUPLICATE_METHOD_MATCH = YES;
				COPY_PHASE_STRIP = NO;
				DEBUG_INFORMATION_FORMAT = "dwarf-with-dsym";
				ENABLE_NS_ASSERTIONS = NO;
				ENABLE_STRICT_OBJC_MSGSEND = YES;
				GCC_C_LANGUAGE_STANDARD = gnu11;
				GCC_NO_COMMON_BLOCKS = YES;
				GCC_WARN_64_TO_32_BIT_CONVERSION = YES;
				GCC_WARN_ABOUT_RETURN_TYPE = YES_ERROR;
				GCC_WARN_UNDECLARED_SELECTOR = YES;
				GCC_WARN_UNINITIALIZED_AUTOS = YES_AGGRESSIVE;
				GCC_WARN_UNUSED_FUNCTION = YES;
				GCC_WARN_UNUSED_VARIABLE = YES;
				IPHONEOS_DEPLOYMENT_TARGET = 15.2;
				MTL_ENABLE_DEBUG_INFO = NO;
				MTL_FAST_MATH = YES;
				SDKROOT = iphoneos;
				SWIFT_COMPILATION_MODE = wholemodule;
				SWIFT_OPTIMIZATION_LEVEL = "-O";
				VALIDATE_PRODUCT = YES;
			};
			name = Release;
		};
		BC94E756282AA7D200016BFD /* Debug */ = {
			isa = XCBuildConfiguration;
			buildSettings = {
				ASSETCATALOG_COMPILER_APPICON_NAME = AppIcon;
				ASSETCATALOG_COMPILER_GLOBAL_ACCENT_COLOR_NAME = AccentColor;
				CODE_SIGN_STYLE = Automatic;
				CURRENT_PROJECT_VERSION = 1;
				DEVELOPMENT_TEAM = 589J286488;
				GENERATE_INFOPLIST_FILE = YES;
				INFOPLIST_FILE = "ToDoList of course/Info.plist";
				INFOPLIST_KEY_UIApplicationSupportsIndirectInputEvents = YES;
				INFOPLIST_KEY_UILaunchStoryboardName = LaunchScreen;
				INFOPLIST_KEY_UIMainStoryboardFile = Main;
				INFOPLIST_KEY_UISupportedInterfaceOrientations = UIInterfaceOrientationPortrait;
				INFOPLIST_KEY_UISupportedInterfaceOrientations_iPad = "UIInterfaceOrientationPortrait UIInterfaceOrientationPortraitUpsideDown UIInterfaceOrientationLandscapeLeft UIInterfaceOrientationLandscapeRight";
				INFOPLIST_KEY_UISupportedInterfaceOrientations_iPhone = "UIInterfaceOrientationPortrait UIInterfaceOrientationLandscapeLeft UIInterfaceOrientationLandscapeRight";
				LD_RUNPATH_SEARCH_PATHS = (
					"$(inherited)",
					"@executable_path/Frameworks",
				);
				MARKETING_VERSION = 1.0;
				PRODUCT_BUNDLE_IDENTIFIER = "ptrx13.ToDoList-of-course";
				PRODUCT_NAME = "$(TARGET_NAME)";
				SWIFT_EMIT_LOC_STRINGS = YES;
				SWIFT_VERSION = 5.0;
				TARGETED_DEVICE_FAMILY = "1,2";
			};
			name = Debug;
		};
		BC94E757282AA7D200016BFD /* Release */ = {
			isa = XCBuildConfiguration;
			buildSettings = {
				ASSETCATALOG_COMPILER_APPICON_NAME = AppIcon;
				ASSETCATALOG_COMPILER_GLOBAL_ACCENT_COLOR_NAME = AccentColor;
				CODE_SIGN_STYLE = Automatic;
				CURRENT_PROJECT_VERSION = 1;
				DEVELOPMENT_TEAM = 589J286488;
				GENERATE_INFOPLIST_FILE = YES;
				INFOPLIST_FILE = "ToDoList of course/Info.plist";
				INFOPLIST_KEY_UIApplicationSupportsIndirectInputEvents = YES;
				INFOPLIST_KEY_UILaunchStoryboardName = LaunchScreen;
				INFOPLIST_KEY_UIMainStoryboardFile = Main;
				INFOPLIST_KEY_UISupportedInterfaceOrientations = UIInterfaceOrientationPortrait;
				INFOPLIST_KEY_UISupportedInterfaceOrientations_iPad = "UIInterfaceOrientationPortrait UIInterfaceOrientationPortraitUpsideDown UIInterfaceOrientationLandscapeLeft UIInterfaceOrientationLandscapeRight";
				INFOPLIST_KEY_UISupportedInterfaceOrientations_iPhone = "UIInterfaceOrientationPortrait UIInterfaceOrientationLandscapeLeft UIInterfaceOrientationLandscapeRight";
				LD_RUNPATH_SEARCH_PATHS = (
					"$(inherited)",
					"@executable_path/Frameworks",
				);
				MARKETING_VERSION = 1.0;
				PRODUCT_BUNDLE_IDENTIFIER = "ptrx13.ToDoList-of-course";
				PRODUCT_NAME = "$(TARGET_NAME)";
				SWIFT_EMIT_LOC_STRINGS = YES;
				SWIFT_VERSION = 5.0;
				TARGETED_DEVICE_FAMILY = "1,2";
			};
			name = Release;
		};
/* End XCBuildConfiguration section */

/* Begin XCConfigurationList section */
		BC94E73C282AA7CE00016BFD /* Build configuration list for PBXProject "ToDoList of course" */ = {
			isa = XCConfigurationList;
			buildConfigurations = (
				BC94E753282AA7D200016BFD /* Debug */,
				BC94E754282AA7D200016BFD /* Release */,
			);
			defaultConfigurationIsVisible = 0;
			defaultConfigurationName = Release;
		};
		BC94E755282AA7D200016BFD /* Build configuration list for PBXNativeTarget "ToDoList of course" */ = {
			isa = XCConfigurationList;
			buildConfigurations = (
				BC94E756282AA7D200016BFD /* Debug */,
				BC94E757282AA7D200016BFD /* Release */,
			);
			defaultConfigurationIsVisible = 0;
			defaultConfigurationName = Release;
		};
/* End XCConfigurationList section */

/* Begin XCVersionGroup section */
		BC88A28B282EA4C900B9F6E7 /* DataModel.xcdatamodeld */ = {
			isa = XCVersionGroup;
			children = (
				BC88A28C282EA4C900B9F6E7 /* DataModel.xcdatamodel */,
			);
			currentVersion = BC88A28C282EA4C900B9F6E7 /* DataModel.xcdatamodel */;
			path = DataModel.xcdatamodeld;
			sourceTree = "<group>";
			versionGroupType = wrapper.xcdatamodel;
		};
/* End XCVersionGroup section */
	};
	rootObject = BC94E739282AA7CE00016BFD /* Project object */;
}
